
Microsoft Visual Studio Solution File, Format Version 12.00
# Visual Studio 2015
Project("{FAE04EC0-301F-11D3-BF4B-00C04F79EFBC}") = "ChalkTalkVR.Plugins", "ChalkTalkVR.Plugins.csproj", "{F946B34D-CD4C-8FB7-FDA0-F111A709EDFF}"
EndProject
Project("{FAE04EC0-301F-11D3-BF4B-00C04F79EFBC}") = "ChalkTalkVR", "ChalkTalkVR.csproj", "{95E999E1-C966-2904-DA57-AB70B1E6ADBA}"
EndProject
Project("{FAE04EC0-301F-11D3-BF4B-00C04F79EFBC}") = "ChalkTalkVR.Editor", "ChalkTalkVR.Editor.csproj", "{C1A9B537-7F16-52B0-AD7D-0F75FEE4FF03}"
EndProject
Global
	GlobalSection(SolutionConfigurationPlatforms) = preSolution
		Debug|Any CPU = Debug|Any CPU
		Release|Any CPU = Release|Any CPU
	EndGlobalSection
	GlobalSection(ProjectConfigurationPlatforms) = postSolution
		{F946B34D-CD4C-8FB7-FDA0-F111A709EDFF}.Debug|Any CPU.ActiveCfg = Debug|Any CPU
		{F946B34D-CD4C-8FB7-FDA0-F111A709EDFF}.Debug|Any CPU.Build.0 = Debug|Any CPU
		{F946B34D-CD4C-8FB7-FDA0-F111A709EDFF}.Release|Any CPU.ActiveCfg = Release|Any CPU
		{F946B34D-CD4C-8FB7-FDA0-F111A709EDFF}.Release|Any CPU.Build.0 = Release|Any CPU
		{95E999E1-C966-2904-DA57-AB70B1E6ADBA}.Debug|Any CPU.ActiveCfg = Debug|Any CPU
		{95E999E1-C966-2904-DA57-AB70B1E6ADBA}.Debug|Any CPU.Build.0 = Debug|Any CPU
		{95E999E1-C966-2904-DA57-AB70B1E6ADBA}.Release|Any CPU.ActiveCfg = Release|Any CPU
		{95E999E1-C966-2904-DA57-AB70B1E6ADBA}.Release|Any CPU.Build.0 = Release|Any CPU
		{C1A9B537-7F16-52B0-AD7D-0F75FEE4FF03}.Debug|Any CPU.ActiveCfg = Debug|Any CPU
		{C1A9B537-7F16-52B0-AD7D-0F75FEE4FF03}.Debug|Any CPU.Build.0 = Debug|Any CPU
		{C1A9B537-7F16-52B0-AD7D-0F75FEE4FF03}.Release|Any CPU.ActiveCfg = Release|Any CPU
		{C1A9B537-7F16-52B0-AD7D-0F75FEE4FF03}.Release|Any CPU.Build.0 = Release|Any CPU
	EndGlobalSection
	GlobalSection(SolutionProperties) = preSolution
		HideSolutionNode = FALSE
	EndGlobalSection
EndGlobal
