
Microsoft Visual Studio Solution File, Format Version 11.00
# Visual Studio 2010
Project("{FAE04EC0-301F-11D3-BF4B-00C04F79EFBC}") = "ChalkTalkVR", "Assembly-CSharp-firstpass.csproj", "{D33FB605-82B6-4881-DA87-4676211664F2}"
EndProject
Project("{FAE04EC0-301F-11D3-BF4B-00C04F79EFBC}") = "ChalkTalkVR", "Assembly-CSharp.csproj", "{A13B4B82-2753-91B3-81ED-04EF4E82F88F}"
EndProject
Project("{FAE04EC0-301F-11D3-BF4B-00C04F79EFBC}") = "ChalkTalkVR", "Assembly-CSharp-Editor.csproj", "{A4575D7A-D8D4-6119-58BE-655A7ABE9A87}"
EndProject
Global
	GlobalSection(SolutionConfigurationPlatforms) = preSolution
		Debug|Any CPU = Debug|Any CPU
		Release|Any CPU = Release|Any CPU
	EndGlobalSection
	GlobalSection(ProjectConfigurationPlatforms) = postSolution
		{D33FB605-82B6-4881-DA87-4676211664F2}.Debug|Any CPU.ActiveCfg = Debug|Any CPU
		{D33FB605-82B6-4881-DA87-4676211664F2}.Debug|Any CPU.Build.0 = Debug|Any CPU
		{D33FB605-82B6-4881-DA87-4676211664F2}.Release|Any CPU.ActiveCfg = Release|Any CPU
		{D33FB605-82B6-4881-DA87-4676211664F2}.Release|Any CPU.Build.0 = Release|Any CPU
		{A13B4B82-2753-91B3-81ED-04EF4E82F88F}.Debug|Any CPU.ActiveCfg = Debug|Any CPU
		{A13B4B82-2753-91B3-81ED-04EF4E82F88F}.Debug|Any CPU.Build.0 = Debug|Any CPU
		{A13B4B82-2753-91B3-81ED-04EF4E82F88F}.Release|Any CPU.ActiveCfg = Release|Any CPU
		{A13B4B82-2753-91B3-81ED-04EF4E82F88F}.Release|Any CPU.Build.0 = Release|Any CPU
		{A4575D7A-D8D4-6119-58BE-655A7ABE9A87}.Debug|Any CPU.ActiveCfg = Debug|Any CPU
		{A4575D7A-D8D4-6119-58BE-655A7ABE9A87}.Debug|Any CPU.Build.0 = Debug|Any CPU
		{A4575D7A-D8D4-6119-58BE-655A7ABE9A87}.Release|Any CPU.ActiveCfg = Release|Any CPU
		{A4575D7A-D8D4-6119-58BE-655A7ABE9A87}.Release|Any CPU.Build.0 = Release|Any CPU
	EndGlobalSection
	GlobalSection(SolutionProperties) = preSolution
		HideSolutionNode = FALSE
	EndGlobalSection
	GlobalSection(MonoDevelopProperties) = preSolution
		StartupItem = Assembly-CSharp.csproj
	EndGlobalSection
EndGlobal
